
Microsoft Visual Studio Solution File, Format Version 12.00
# Visual Studio Version 17
VisualStudioVersion = 17.5.002.0
MinimumVisualStudioVersion = 10.0.40219.1
Project("{9A19103F-16F7-4668-BE54-9A1E7A4F7556}") = "calk", "calk.csproj", "{7C272EAD-1DD3-410F-8D7D-08F65B22CCE0}"
EndProject
Global
	GlobalSection(SolutionConfigurationPlatforms) = preSolution
		Debug|Any CPU = Debug|Any CPU
		Release|Any CPU = Release|Any CPU
	EndGlobalSection
	GlobalSection(ProjectConfigurationPlatforms) = postSolution
		{7C272EAD-1DD3-410F-8D7D-08F65B22CCE0}.Debug|Any CPU.ActiveCfg = Debug|Any CPU
		{7C272EAD-1DD3-410F-8D7D-08F65B22CCE0}.Debug|Any CPU.Build.0 = Debug|Any CPU
		{7C272EAD-1DD3-410F-8D7D-08F65B22CCE0}.Release|Any CPU.ActiveCfg = Release|Any CPU
		{7C272EAD-1DD3-410F-8D7D-08F65B22CCE0}.Release|Any CPU.Build.0 = Release|Any CPU
	EndGlobalSection
	GlobalSection(SolutionProperties) = preSolution
		HideSolutionNode = FALSE
	EndGlobalSection
	GlobalSection(ExtensibilityGlobals) = postSolution
		SolutionGuid = {13AE2911-1AC0-4C1A-B8BC-CC21139BE4A4}
	EndGlobalSection
EndGlobal
